
Microsoft Visual Studio Solution File, Format Version 12.00
# Visual Studio Version 17
VisualStudioVersion = 17.10.35027.167
MinimumVisualStudioVersion = 10.0.40219.1
Project("{FAE04EC0-301F-11D3-BF4B-00C04F79EFBC}") = "gamocda", "gamocda\gamocda.csproj", "{64B8ECCE-0093-473E-89A6-EC3C4CEC05CD}"
EndProject
Global
	GlobalSection(SolutionConfigurationPlatforms) = preSolution
		Debug|Any CPU = Debug|Any CPU
		Release|Any CPU = Release|Any CPU
	EndGlobalSection
	GlobalSection(ProjectConfigurationPlatforms) = postSolution
		{64B8ECCE-0093-473E-89A6-EC3C4CEC05CD}.Debug|Any CPU.ActiveCfg = Debug|Any CPU
		{64B8ECCE-0093-473E-89A6-EC3C4CEC05CD}.Debug|Any CPU.Build.0 = Debug|Any CPU
		{64B8ECCE-0093-473E-89A6-EC3C4CEC05CD}.Release|Any CPU.ActiveCfg = Release|Any CPU
		{64B8ECCE-0093-473E-89A6-EC3C4CEC05CD}.Release|Any CPU.Build.0 = Release|Any CPU
	EndGlobalSection
	GlobalSection(SolutionProperties) = preSolution
		HideSolutionNode = FALSE
	EndGlobalSection
	GlobalSection(ExtensibilityGlobals) = postSolution
		SolutionGuid = {B2A124F1-2667-4077-9193-6DE850293C36}
	EndGlobalSection
EndGlobal
